github.com/kaiiiz/hugo-theme-monochrome v2.0.0+incompatible h1:b2bJVvjSz7UMeWOH+y8Dwi7NMM7s8nk+2gzcKBmSvsE=
github.com/kaiiiz/hugo-theme-monochrome v2.0.0+incompatible/go.mod h1:la906j3s0e3SFjWmXPM84sX8b/WU1wejqR6XaGmBO2I=
github.com/theNewDynamic/gohugo-theme-ananke v0.0.0-20231122160523-91df000ca827 h1:70DjvollwE7ZTbgF0E9hsR/cBYrNLwv59UaOb16Tm5c=
github.com/theNewDynamic/gohugo-theme-ananke v0.0.0-20231122160523-91df000ca827/go.mod h1:yY14BLqqh5G61rO81YcJKMHY1rClY5iIiUK+K2JKSUM=
